{
  "name": "DACN2",
  "lockfileVersion": 3,
  "requires": true,
  "packages": {
    "": {
      "dependencies": {
        "react-native-worklets-core": "^1.6.3"
      }
    },
    "node_modules/react-native-worklets-core": {
      "version": "1.6.3",
      "resolved": "https://registry.npmjs.org/react-native-worklets-core/-/react-native-worklets-core-1.6.3.tgz",
      "integrity": "sha512-r3Q40XQBccx/iAI5tlyiua+micvO1UGzzUOskNweZUXyfrrE+rb5aqxqruBPqXf90rO+bBiplylLMEAXCLTyGA==",
      "license": "MIT",
      "dependencies": {
        "string-hash-64": "^1.0.3"
      },
      "peerDependencies": {
        "react": "*",
        "react-native": "*"
      }
    },
    "node_modules/string-hash-64": {
      "version": "1.0.3",
      "resolved": "https://registry.npmjs.org/string-hash-64/-/string-hash-64-1.0.3.tgz",
      "integrity": "sha512-D5OKWKvDhyVWWn2x5Y9b+37NUllks34q1dCDhk/vYcso9fmhs+Tl3KR/gE4v5UNj2UA35cnX4KdVVGkG1deKqw==",
      "license": "MIT"
    }
  }
}
